{
  "version": "3",
  "remote": {
    "https://deno.land/std@0.213.0/assert/_constants.ts": "a271e8ef5a573f1df8e822a6eb9d09df064ad66a4390f21b3e31f820a38e0975",
    "https://deno.land/std@0.213.0/assert/_diff.ts": "dcc63d94ca289aec80644030cf88ccbf7acaa6fbd7b0f22add93616b36593840",
    "https://deno.land/std@0.213.0/assert/_format.ts": "0ba808961bf678437fb486b56405b6fefad2cf87b5809667c781ddee8c32aff4",
    "https://deno.land/std@0.213.0/assert/assert_equals.ts": "4497c56fe7d2993b0d447926702802fc0becb44e319079e8eca39b482ee01b4e",
    "https://deno.land/std@0.213.0/assert/assert_is_error.ts": "6596f2b5ba89ba2fe9b074f75e9318cda97a2381e59d476812e30077fbdb6ed2",
    "https://deno.land/std@0.213.0/assert/assert_rejects.ts": "e9e0c8d9c3e164c7ac962c37b3be50577c5a2010db107ed272c4c1afb1269f54",
    "https://deno.land/std@0.213.0/assert/assertion_error.ts": "9f689a101ee586c4ce92f52fa7ddd362e86434ffdf1f848e45987dc7689976b8",
    "https://deno.land/std@0.213.0/assert/equal.ts": "fae5e8a52a11d3ac694bbe1a53e13a7969e3f60791262312e91a3e741ae519e2",
    "https://deno.land/std@0.213.0/fmt/colors.ts": "aeaee795471b56fc62a3cb2e174ed33e91551b535f44677f6320336aabb54fbb",
    "https://deno.land/std@0.213.0/testing/_test_suite.ts": "f10a8a6338b60c403f07a76f3f46bdc9f1e1a820c0a1decddeb2949f7a8a0546",
    "https://deno.land/std@0.213.0/testing/bdd.ts": "3cbd17bd35f629a76ce63446238dfb4632240dd46b3b205027c45fa3dd67e554",
    "https://deno.land/std@0.213.0/testing/mock.ts": "4c35c9bc7d63cabceadf8fa1d0771104d754352c54054e11e068f9af08821234",
    "https://denopkg.com/intv8/common-exceptions@dev/deps.ts": "d02b1f64c40f85e0b4fe52d872b407873372f05e9215d7db8bbada5e55960bea",
    "https://denopkg.com/intv8/common-exceptions@dev/mod.ts": "eeca91f995393e87259026fe6b8d44f989624ef76297f7a188e97296f1d5eede",
    "https://denopkg.com/intv8/common-exceptions@dev/src/_internals/constants.ts": "2cc331bf8aa90bea4f470223f55f1691da26f8288500006b9907d36ef766bf11",
    "https://denopkg.com/intv8/common-exceptions@dev/src/_internals/mod.ts": "bbd4367f713273f9d818cda89d6e47c7289b36f16945f76c060f26613f938dd8",
    "https://denopkg.com/intv8/common-exceptions@dev/src/_internals/validate_bounds.ts": "c33a4784266f8b69a0052cb43ba8a843b3cbad92038bcf1a36d4c43d36acd57f",
    "https://denopkg.com/intv8/common-exceptions@dev/src/exceptions/aborted_exception.ts": "5f9b75ff666c785b5b390ec21e73a0ca22a85bbc57dc4f4c84b2f60fa90bbbf2",
    "https://denopkg.com/intv8/common-exceptions@dev/src/exceptions/argument_exception.ts": "4a00e405b03f1d145dc14bbe27465d464a6f5c88c8259655f51eeb51cb927f38",
    "https://denopkg.com/intv8/common-exceptions@dev/src/exceptions/argument_index_exception.ts": "0e7bb97d6c2ac89f2cbe8e403bafecba52802fa44fe4230b7c44a3ef9843f691",
    "https://denopkg.com/intv8/common-exceptions@dev/src/exceptions/assertion_exception.ts": "b12c67055747210f6167748c24370ad7832426fab6cebd247ad071fff7a1ebd8",
    "https://denopkg.com/intv8/common-exceptions@dev/src/exceptions/connection_exception.ts": "237887bc95409a5736bfdcf21cafd3b5b43323e382a63d83c2af36744026ed0c",
    "https://denopkg.com/intv8/common-exceptions@dev/src/exceptions/decorator_exception.ts": "c83a13c3c95d0e1b5e95154a0a97c240852a78946a78045b6ce491f09f29b30e",
    "https://denopkg.com/intv8/common-exceptions@dev/src/exceptions/disk_exception.ts": "f81d28bace6a53b7cf633ac3cf8d3cdb77cbe034d393f52659e5b13d0c5b2fe1",
    "https://denopkg.com/intv8/common-exceptions@dev/src/exceptions/exception.ts": "9fd7635c43b87a961a9a15f1cd27e74c59910514d82cd9fb34585037126ea33b",
    "https://denopkg.com/intv8/common-exceptions@dev/src/exceptions/external_exception.ts": "ea1af1b7e4ca79cdf8e9e9e0d6231839ea55f57521bb53437fbb7d929c847c8d",
    "https://denopkg.com/intv8/common-exceptions@dev/src/exceptions/format_exception.ts": "347f69f8e14d6453a1ffb3b01534cc39210fb850f6a3b0de9e5e89975c2ee756",
    "https://denopkg.com/intv8/common-exceptions@dev/src/exceptions/index_exception.ts": "3d46795e06fe630b56ee0a3e54bc538557bc5ed92ebbdf292bbb175670da0e38",
    "https://denopkg.com/intv8/common-exceptions@dev/src/exceptions/interrupt_exception.ts": "a8ef630ac659636d4276f97e06948e8e4f1e0c97c007b2282d215ae98f1c8d03",
    "https://denopkg.com/intv8/common-exceptions@dev/src/exceptions/invalid_exception.ts": "cef9fb7cdd9aaf0e5ba5be31348192ca2d4220894e557b787881f22207b61fba",
    "https://denopkg.com/intv8/common-exceptions@dev/src/exceptions/iteration_exception.ts": "7e401b8c1c28d67368392e492d9dfbe25efd042b1c690b9df8e5a450ed1a587e",
    "https://denopkg.com/intv8/common-exceptions@dev/src/exceptions/key_exception.ts": "4b7fb9472db3721270c4d70d7bacb72b08a2c05625af78e7738d7d0aa1b313cd",
    "https://denopkg.com/intv8/common-exceptions@dev/src/exceptions/memory_exception.ts": "4031501a5a41c281ee00c6e0f26a84db297cd9d6ceedf3dae0e489d2cb646f5c",
    "https://denopkg.com/intv8/common-exceptions@dev/src/exceptions/method_exception.ts": "ee80104a5f4a13772dd6a4c3dc2fab294d90be0b7e0b2d6a47e0a4dc6496d9bb",
    "https://denopkg.com/intv8/common-exceptions@dev/src/exceptions/mod.ts": "db55859d0dcdd572c501344c2dbd7d413ce83036931c93094117d55af9c5c07d",
    "https://denopkg.com/intv8/common-exceptions@dev/src/exceptions/not_found_exception.ts": "b53d5cbbca136ca222c08de1aa3c65e3136f812a74d46ff7ef0521075151872f",
    "https://denopkg.com/intv8/common-exceptions@dev/src/exceptions/not_implemented_exception.ts": "76bf6d7cc7045630271476a5ccd174c10469ad69b2d65d47b92c1d03301cc729",
    "https://denopkg.com/intv8/common-exceptions@dev/src/exceptions/not_supported_exception.ts": "cb9dc6221a90efa8bf67c6b82774671cbe1d957b925b00fb77e278a0f6d870e5",
    "https://denopkg.com/intv8/common-exceptions@dev/src/exceptions/os_exception.ts": "aa266caf3f875ab842ca1e1280d7625781b163f9eef6d3c03a07ccb3b7787a71",
    "https://denopkg.com/intv8/common-exceptions@dev/src/exceptions/process_exception.ts": "871f5541f22d8a8cb7f981a2b3bbbd14c24750d7f6a914be2580e3d7d0eff0c1",
    "https://denopkg.com/intv8/common-exceptions@dev/src/exceptions/range_exception.ts": "3c792682b1af2e1942eb85f4635e009896d3452d1265b218638e9dd4b680ed05",
    "https://denopkg.com/intv8/common-exceptions@dev/src/exceptions/recursion_exception.ts": "b207c6409ac9b9784b5ea3a7121c3ba61559fb2480c6b08de783011b1f4cc759",
    "https://denopkg.com/intv8/common-exceptions@dev/src/exceptions/timeout_exception.ts": "025700712a6ded264e038241c47897241df5aabd494340a2cfbdbc9de74a9b94",
    "https://denopkg.com/intv8/common-exceptions@dev/src/exceptions/value_exception.ts": "51d681d157720da2acc34994d9e293169ab06ac31e15f6da94cf3e06698be444",
    "https://denopkg.com/intv8/common-exceptions@dev/src/mod.ts": "499af2d2aac5498302a2a875bb27c7d3b5b3b8b5ec2fbd9d18c621bb6ce08d51",
    "https://denopkg.com/intv8/common-exceptions@dev/src/types/mod.ts": "8c523ceed8cbd58b58f17160021445451cdc5f9daf8b8fe55318614b2b166425",
    "https://denopkg.com/intv8/common-exceptions@dev/src/types/types.ts": "5c7826b87c41eea0ad9d99cff86e19c3af93f843cee2f15a94b655393c07a495",
    "https://denopkg.com/intv8/common-exceptions@dev/src/version.ts": "5f587d865bf8fc3baf3b75b488c118e9fd300cb5cb95c453af9ffbc77360d289",
    "https://denopkg.com/intv8/common-types@dev/mod.ts": "7dcc5cd9e3c35aaadf9a60852aa523b6f7ee8c6579c70e4aa3eac8b5d49e70f2",
    "https://denopkg.com/intv8/common-types@dev/src/mod.ts": "5bb4299416285798226216deb7ffbdf0e53c14d87cab719fb7eae6fe8a5937a2",
    "https://denopkg.com/intv8/common-types@dev/src/types/interfaces.ts": "1782abc13e89e65d1763e60465bab199ed880af2759c11d2929fa69bade5be74",
    "https://denopkg.com/intv8/common-types@dev/src/types/mod.ts": "5e9a4f4c72619069cea0b0f6060e043abc229d0f09af7ece4dbed9321b0ca369",
    "https://denopkg.com/intv8/common-types@dev/src/types/types.ts": "9c6d0ae0ae4323c9f217dc60a257f1f40e2e13ca968f317971a91cee111d9f04",
    "https://denopkg.com/intv8/common-types@dev/src/version.ts": "a4b7a75c30642eeee9c16f462fece16cf26494d4a656cd3d6825bd7407988ad1",
    "https://denopkg.com/intv8/dispose@dev/deps.ts": "7ba4b60f8cfb280301d4c2810f94a30055b0345758c12a669621a744c6e7abde",
    "https://denopkg.com/intv8/dispose@dev/mod.ts": "35efdebadfce44285c9796ef8a6a6303903e8e6568a2db3df01e5c72b9f84df5",
    "https://denopkg.com/intv8/dispose@dev/src/_internals/dispose_internal.ts": "abbaedc6665cdcb3c19e22ac5486754d51c234ff17dc9b5667bc255d86bacc0f",
    "https://denopkg.com/intv8/dispose@dev/src/_internals/mod.ts": "50583f15215118e211342cdb6c1101b9cb4963ec58c1c44ff019b275e6d501c5",
    "https://denopkg.com/intv8/dispose@dev/src/abstract_disposable.ts": "0e80362556d727804d6c5cb0587bb4cc288aa5bed4f4be21602f955c82caf49b",
    "https://denopkg.com/intv8/dispose@dev/src/assert_not_disposed.ts": "3b09665e15aca93d7d9066ef6f51273365e22b0b631ed2bae4a4feca596d5926",
    "https://denopkg.com/intv8/dispose@dev/src/disposable_pool.ts": "c385c9fdfd0bf6dcfbe58fda7f38445850229ca2c6ad2d06dbf34004954ded11",
    "https://denopkg.com/intv8/dispose@dev/src/dispose.ts": "836a0b97083969e0d9023c019778fa24bdaa18da8603f1ab92ae6e26ad475db4",
    "https://denopkg.com/intv8/dispose@dev/src/exceptions/mod.ts": "528c2e562bca188e15edaf569a97b7f0251faed7c87c263165090a3ae27d9f41",
    "https://denopkg.com/intv8/dispose@dev/src/exceptions/object_disposed_exception.ts": "47dee197460b0ec3561f718945dbc1c2bd8bebae01bc5c8f8951d38353a7add4",
    "https://denopkg.com/intv8/dispose@dev/src/mod.ts": "28c52bcf668698013b93e9a7d1e57521dd8fec1985bce2da6d21a27bd714248f",
    "https://denopkg.com/intv8/dispose@dev/src/types/interfaces.ts": "eb546fd2046100dfcd0546676cf8b8cdc0a5a5db5153b4dd14ded543ea8ae641",
    "https://denopkg.com/intv8/dispose@dev/src/types/mod.ts": "d0388c6492ccf996c634e326fb61bc212b5defae7c36ebad97a849dff26d9af5",
    "https://denopkg.com/intv8/dispose@dev/src/using.ts": "eb5ffaa94aa516d7ba32930a5d1ca0c41c358fa38fa086c721baf793340931d9",
    "https://denopkg.com/intv8/dispose@dev/src/version.ts": "18b4e7d9934d4b428d536fe4120c4772468099471581687c6fa31bcfd354ea1d"
  }
}
